
Microsoft Visual Studio Solution File, Format Version 12.00
# Visual Studio Version 16
VisualStudioVersion = 16.0.31829.152
MinimumVisualStudioVersion = 10.0.40219.1
Project("{FAE04EC0-301F-11D3-BF4B-00C04F79EFBC}") = "CS453_Term_Project", "CS453_Term_Project.csproj", "{FDAC4CC0-7EE5-4B4A-8AAB-C7131F432A16}"
EndProject
Global
	GlobalSection(SolutionConfigurationPlatforms) = preSolution
		Debug|Any CPU = Debug|Any CPU
		Release|Any CPU = Release|Any CPU
	EndGlobalSection
	GlobalSection(ProjectConfigurationPlatforms) = postSolution
		{FDAC4CC0-7EE5-4B4A-8AAB-C7131F432A16}.Debug|Any CPU.ActiveCfg = Debug|Any CPU
		{FDAC4CC0-7EE5-4B4A-8AAB-C7131F432A16}.Debug|Any CPU.Build.0 = Debug|Any CPU
		{FDAC4CC0-7EE5-4B4A-8AAB-C7131F432A16}.Release|Any CPU.ActiveCfg = Release|Any CPU
		{FDAC4CC0-7EE5-4B4A-8AAB-C7131F432A16}.Release|Any CPU.Build.0 = Release|Any CPU
	EndGlobalSection
	GlobalSection(SolutionProperties) = preSolution
		HideSolutionNode = FALSE
	EndGlobalSection
	GlobalSection(ExtensibilityGlobals) = postSolution
		SolutionGuid = {A2D84DA7-BC11-4E1D-AA84-A7E1829C9BE0}
	EndGlobalSection
EndGlobal
